
Microsoft Visual Studio Solution File, Format Version 12.00
# Visual Studio Version 17
VisualStudioVersion = 17.0.31903.59
MinimumVisualStudioVersion = 10.0.40219.1
Project("{2150E333-8FDC-42A3-9474-1A3956D46DE8}") = "src", "src", "{AA75C23F-F5AC-48CF-9A42-8A97D5D975A0}"
EndProject
Project("{FAE04EC0-301F-11D3-BF4B-00C04F79EFBC}") = "ChatService.API", "src\ChatService.API\ChatService.API.csproj", "{E42BA701-D632-4BEF-B586-E773EBC19E6C}"
EndProject
Project("{FAE04EC0-301F-11D3-BF4B-00C04F79EFBC}") = "ChatService.Application", "src\ChatService.Application\ChatService.Application.csproj", "{A9E79139-721F-4EB5-BAB9-0B4753B61859}"
EndProject
Project("{FAE04EC0-301F-11D3-BF4B-00C04F79EFBC}") = "ChatService.Domain", "src\ChatService.Domain\ChatService.Domain.csproj", "{32B0E9C6-18CA-4572-9C4D-7B119B3EA19E}"
EndProject
Project("{FAE04EC0-301F-11D3-BF4B-00C04F79EFBC}") = "ChatService.Infrastructure", "src\ChatService.Infrastructure\ChatService.Infrastructure.csproj", "{A88DBDEA-13B7-439E-9F86-B36F7B33C1AE}"
EndProject
Global
	GlobalSection(SolutionConfigurationPlatforms) = preSolution
		Debug|Any CPU = Debug|Any CPU
		Release|Any CPU = Release|Any CPU
	EndGlobalSection
	GlobalSection(SolutionProperties) = preSolution
		HideSolutionNode = FALSE
	EndGlobalSection
	GlobalSection(ProjectConfigurationPlatforms) = postSolution
		{E42BA701-D632-4BEF-B586-E773EBC19E6C}.Debug|Any CPU.ActiveCfg = Debug|Any CPU
		{E42BA701-D632-4BEF-B586-E773EBC19E6C}.Debug|Any CPU.Build.0 = Debug|Any CPU
		{E42BA701-D632-4BEF-B586-E773EBC19E6C}.Release|Any CPU.ActiveCfg = Release|Any CPU
		{E42BA701-D632-4BEF-B586-E773EBC19E6C}.Release|Any CPU.Build.0 = Release|Any CPU
		{A9E79139-721F-4EB5-BAB9-0B4753B61859}.Debug|Any CPU.ActiveCfg = Debug|Any CPU
		{A9E79139-721F-4EB5-BAB9-0B4753B61859}.Debug|Any CPU.Build.0 = Debug|Any CPU
		{A9E79139-721F-4EB5-BAB9-0B4753B61859}.Release|Any CPU.ActiveCfg = Release|Any CPU
		{A9E79139-721F-4EB5-BAB9-0B4753B61859}.Release|Any CPU.Build.0 = Release|Any CPU
		{32B0E9C6-18CA-4572-9C4D-7B119B3EA19E}.Debug|Any CPU.ActiveCfg = Debug|Any CPU
		{32B0E9C6-18CA-4572-9C4D-7B119B3EA19E}.Debug|Any CPU.Build.0 = Debug|Any CPU
		{32B0E9C6-18CA-4572-9C4D-7B119B3EA19E}.Release|Any CPU.ActiveCfg = Release|Any CPU
		{32B0E9C6-18CA-4572-9C4D-7B119B3EA19E}.Release|Any CPU.Build.0 = Release|Any CPU
		{A88DBDEA-13B7-439E-9F86-B36F7B33C1AE}.Debug|Any CPU.ActiveCfg = Debug|Any CPU
		{A88DBDEA-13B7-439E-9F86-B36F7B33C1AE}.Debug|Any CPU.Build.0 = Debug|Any CPU
		{A88DBDEA-13B7-439E-9F86-B36F7B33C1AE}.Release|Any CPU.ActiveCfg = Release|Any CPU
		{A88DBDEA-13B7-439E-9F86-B36F7B33C1AE}.Release|Any CPU.Build.0 = Release|Any CPU
	EndGlobalSection
	GlobalSection(NestedProjects) = preSolution
		{E42BA701-D632-4BEF-B586-E773EBC19E6C} = {AA75C23F-F5AC-48CF-9A42-8A97D5D975A0}
		{A9E79139-721F-4EB5-BAB9-0B4753B61859} = {AA75C23F-F5AC-48CF-9A42-8A97D5D975A0}
		{32B0E9C6-18CA-4572-9C4D-7B119B3EA19E} = {AA75C23F-F5AC-48CF-9A42-8A97D5D975A0}
		{A88DBDEA-13B7-439E-9F86-B36F7B33C1AE} = {AA75C23F-F5AC-48CF-9A42-8A97D5D975A0}
	EndGlobalSection
EndGlobal
